
Microsoft Visual Studio Solution File, Format Version 12.00
# Visual Studio Version 16
VisualStudioVersion = 16.0.31025.194
MinimumVisualStudioVersion = 10.0.40219.1
Project("{888888A0-9F3D-457C-B088-3A5042F75D52}") = "Elemek", "Elemek\Elemek.pyproj", "{2A210234-421B-403E-9DC2-01D5A1A6C3C9}"
EndProject
Global
	GlobalSection(SolutionConfigurationPlatforms) = preSolution
		Debug|Any CPU = Debug|Any CPU
		Release|Any CPU = Release|Any CPU
	EndGlobalSection
	GlobalSection(ProjectConfigurationPlatforms) = postSolution
		{2A210234-421B-403E-9DC2-01D5A1A6C3C9}.Debug|Any CPU.ActiveCfg = Debug|Any CPU
		{2A210234-421B-403E-9DC2-01D5A1A6C3C9}.Release|Any CPU.ActiveCfg = Release|Any CPU
	EndGlobalSection
	GlobalSection(SolutionProperties) = preSolution
		HideSolutionNode = FALSE
	EndGlobalSection
	GlobalSection(ExtensibilityGlobals) = postSolution
		SolutionGuid = {C99525A4-4CFF-425C-B118-3C4B31877508}
	EndGlobalSection
EndGlobal
